
Microsoft Visual Studio Solution File, Format Version 12.00
Project("{FAE04EC0-301F-11D3-BF4B-00C04F79EFBC}") = "Postgres.Practice.Task1", "Postgres.Practice.Task1\Postgres.Practice.Task1.csproj", "{0BEB5234-4E4E-4D45-BBC0-60C496B615B2}"
EndProject
Project("{FAE04EC0-301F-11D3-BF4B-00C04F79EFBC}") = "Postgres.Practice.Infrastructure", "Postgres.Practice.Infrastructure\Postgres.Practice.Infrastructure.csproj", "{DD0F8710-4799-4CCA-B255-8D34A40AA313}"
EndProject
Global
	GlobalSection(SolutionConfigurationPlatforms) = preSolution
		Debug|Any CPU = Debug|Any CPU
		Release|Any CPU = Release|Any CPU
	EndGlobalSection
	GlobalSection(ProjectConfigurationPlatforms) = postSolution
		{0BEB5234-4E4E-4D45-BBC0-60C496B615B2}.Debug|Any CPU.ActiveCfg = Debug|Any CPU
		{0BEB5234-4E4E-4D45-BBC0-60C496B615B2}.Debug|Any CPU.Build.0 = Debug|Any CPU
		{0BEB5234-4E4E-4D45-BBC0-60C496B615B2}.Release|Any CPU.ActiveCfg = Release|Any CPU
		{0BEB5234-4E4E-4D45-BBC0-60C496B615B2}.Release|Any CPU.Build.0 = Release|Any CPU
		{DD0F8710-4799-4CCA-B255-8D34A40AA313}.Debug|Any CPU.ActiveCfg = Debug|Any CPU
		{DD0F8710-4799-4CCA-B255-8D34A40AA313}.Debug|Any CPU.Build.0 = Debug|Any CPU
		{DD0F8710-4799-4CCA-B255-8D34A40AA313}.Release|Any CPU.ActiveCfg = Release|Any CPU
		{DD0F8710-4799-4CCA-B255-8D34A40AA313}.Release|Any CPU.Build.0 = Release|Any CPU
	EndGlobalSection
EndGlobal
